// !$*UTF8*$!
{
	archiveVersion = 1;
	classes = {
	};
	objectVersion = 50;
	objects = {

/* Begin PBXBuildFile section */
		240EC59D247F76A90079F0E4 /* RuleOfSymmetryVC.swift in Sources */ = {isa = PBXBuildFile; fileRef = 240EC59C247F76A90079F0E4 /* RuleOfSymmetryVC.swift */; };
		241B7E4E246E3B1C00267E6B /* GoldenTriangleVC.swift in Sources */ = {isa = PBXBuildFile; fileRef = 241B7E4D246E3B1C00267E6B /* GoldenTriangleVC.swift */; };
		243D7DB1247CBD510035CF57 /* GTDefinitionVC.swift in Sources */ = {isa = PBXBuildFile; fileRef = 243D7DB0247CBD510035CF57 /* GTDefinitionVC.swift */; };
		243D7DB3247CBD650035CF57 /* GTHowVC.swift in Sources */ = {isa = PBXBuildFile; fileRef = 243D7DB2247CBD650035CF57 /* GTHowVC.swift */; };
		243D7DB5247CBD710035CF57 /* GTExampleVC.swift in Sources */ = {isa = PBXBuildFile; fileRef = 243D7DB4247CBD710035CF57 /* GTExampleVC.swift */; };
		244C997324684995009E5355 /* AppDelegate.swift in Sources */ = {isa = PBXBuildFile; fileRef = 244C997224684995009E5355 /* AppDelegate.swift */; };
		244C997524684995009E5355 /* SceneDelegate.swift in Sources */ = {isa = PBXBuildFile; fileRef = 244C997424684995009E5355 /* SceneDelegate.swift */; };
		244C997724684995009E5355 /* ViewController.swift in Sources */ = {isa = PBXBuildFile; fileRef = 244C997624684995009E5355 /* ViewController.swift */; };
		244C997A24684995009E5355 /* Main.storyboard in Resources */ = {isa = PBXBuildFile; fileRef = 244C997824684995009E5355 /* Main.storyboard */; };
		244C997C24684996009E5355 /* Assets.xcassets in Resources */ = {isa = PBXBuildFile; fileRef = 244C997B24684996009E5355 /* Assets.xcassets */; };
		244C997F24684996009E5355 /* LaunchScreen.storyboard in Resources */ = {isa = PBXBuildFile; fileRef = 244C997D24684996009E5355 /* LaunchScreen.storyboard */; };
		244C998A24684996009E5355 /* POV_CameraAppTests.swift in Sources */ = {isa = PBXBuildFile; fileRef = 244C998924684996009E5355 /* POV_CameraAppTests.swift */; };
		244C999524684996009E5355 /* POV_CameraAppUITests.swift in Sources */ = {isa = PBXBuildFile; fileRef = 244C999424684996009E5355 /* POV_CameraAppUITests.swift */; };
		246E39EB247F588400A85109 /* ThePhiGridVC.swift in Sources */ = {isa = PBXBuildFile; fileRef = 246E39EA247F588400A85109 /* ThePhiGridVC.swift */; };
		246E39F0247F73B400A85109 /* DiagonalRuleVC.swift in Sources */ = {isa = PBXBuildFile; fileRef = 246E39EF247F73B400A85109 /* DiagonalRuleVC.swift */; };
		246E39F3247F74B500A85109 /* RuleOfSymmetry.storyboard in Resources */ = {isa = PBXBuildFile; fileRef = 246E39F2247F74B500A85109 /* RuleOfSymmetry.storyboard */; };
		248857E2247E1C4600295B9C /* FibonacciSpiralVC.swift in Sources */ = {isa = PBXBuildFile; fileRef = 248857E1247E1C4600295B9C /* FibonacciSpiralVC.swift */; };
		248857E4247E1FF500295B9C /* FSDefinitionVC.swift in Sources */ = {isa = PBXBuildFile; fileRef = 248857E3247E1FF500295B9C /* FSDefinitionVC.swift */; };
		248857E6247E200800295B9C /* FSHowVC.swift in Sources */ = {isa = PBXBuildFile; fileRef = 248857E5247E200800295B9C /* FSHowVC.swift */; };
		248857E8247E201700295B9C /* FSExampleVC.swift in Sources */ = {isa = PBXBuildFile; fileRef = 248857E7247E201700295B9C /* FSExampleVC.swift */; };
		248857ED247E28B500295B9C /* RuleOfThirdVC.swift in Sources */ = {isa = PBXBuildFile; fileRef = 248857EC247E28B500295B9C /* RuleOfThirdVC.swift */; };
		F286598224852D17006F1522 /* GridUI.swift in Sources */ = {isa = PBXBuildFile; fileRef = F286598124852D17006F1522 /* GridUI.swift */; };
		F2F91CFB24853E9A000BAEA4 /* DiagonalRule.storyboard in Resources */ = {isa = PBXBuildFile; fileRef = F2F91CF924853E9A000BAEA4 /* DiagonalRule.storyboard */; };
		F2F91CFD24854036000BAEA4 /* ThePhiGrid.storyboard in Resources */ = {isa = PBXBuildFile; fileRef = F2F91CFC24854036000BAEA4 /* ThePhiGrid.storyboard */; };
		F2F91D00248542B5000BAEA4 /* RuleOfThird.storyboard in Resources */ = {isa = PBXBuildFile; fileRef = F2F91CFE248542B5000BAEA4 /* RuleOfThird.storyboard */; };
		F2F91D022485437F000BAEA4 /* Fibonacci Spiral.storyboard in Resources */ = {isa = PBXBuildFile; fileRef = F2F91D012485437F000BAEA4 /* Fibonacci Spiral.storyboard */; };
		F2F91D0F248546DA000BAEA4 /* GoldenTriangle.storyboard in Resources */ = {isa = PBXBuildFile; fileRef = F2F91D0D248546DA000BAEA4 /* GoldenTriangle.storyboard */; };
/* End PBXBuildFile section */

/* Begin PBXContainerItemProxy section */
		244C998624684996009E5355 /* PBXContainerItemProxy */ = {
			isa = PBXContainerItemProxy;
			containerPortal = 244C996724684995009E5355 /* Project object */;
			proxyType = 1;
			remoteGlobalIDString = 244C996E24684995009E5355;
			remoteInfo = "POV-CameraApp";
		};
		244C999124684996009E5355 /* PBXContainerItemProxy */ = {
			isa = PBXContainerItemProxy;
			containerPortal = 244C996724684995009E5355 /* Project object */;
			proxyType = 1;
			remoteGlobalIDString = 244C996E24684995009E5355;
			remoteInfo = "POV-CameraApp";
		};
/* End PBXContainerItemProxy section */

/* Begin PBXFileReference section */
		240EC59C247F76A90079F0E4 /* RuleOfSymmetryVC.swift */ = {isa = PBXFileReference; lastKnownFileType = sourcecode.swift; path = RuleOfSymmetryVC.swift; sourceTree = "<group>"; };
		241B7E4D246E3B1C00267E6B /* GoldenTriangleVC.swift */ = {isa = PBXFileReference; lastKnownFileType = sourcecode.swift; path = GoldenTriangleVC.swift; sourceTree = "<group>"; };
		243D7DB0247CBD510035CF57 /* GTDefinitionVC.swift */ = {isa = PBXFileReference; lastKnownFileType = sourcecode.swift; path = GTDefinitionVC.swift; sourceTree = "<group>"; };
		243D7DB2247CBD650035CF57 /* GTHowVC.swift */ = {isa = PBXFileReference; lastKnownFileType = sourcecode.swift; path = GTHowVC.swift; sourceTree = "<group>"; };
		243D7DB4247CBD710035CF57 /* GTExampleVC.swift */ = {isa = PBXFileReference; lastKnownFileType = sourcecode.swift; path = GTExampleVC.swift; sourceTree = "<group>"; };
		244C996F24684995009E5355 /* POV-CameraApp.app */ = {isa = PBXFileReference; explicitFileType = wrapper.application; includeInIndex = 0; path = "POV-CameraApp.app"; sourceTree = BUILT_PRODUCTS_DIR; };
		244C997224684995009E5355 /* AppDelegate.swift */ = {isa = PBXFileReference; lastKnownFileType = sourcecode.swift; path = AppDelegate.swift; sourceTree = "<group>"; };
		244C997424684995009E5355 /* SceneDelegate.swift */ = {isa = PBXFileReference; lastKnownFileType = sourcecode.swift; path = SceneDelegate.swift; sourceTree = "<group>"; };
		244C997624684995009E5355 /* ViewController.swift */ = {isa = PBXFileReference; lastKnownFileType = sourcecode.swift; path = ViewController.swift; sourceTree = "<group>"; };
		244C997924684995009E5355 /* Base */ = {isa = PBXFileReference; lastKnownFileType = file.storyboard; name = Base; path = Base.lproj/Main.storyboard; sourceTree = "<group>"; };
		244C997B24684996009E5355 /* Assets.xcassets */ = {isa = PBXFileReference; lastKnownFileType = folder.assetcatalog; path = Assets.xcassets; sourceTree = "<group>"; };
		244C997E24684996009E5355 /* Base */ = {isa = PBXFileReference; lastKnownFileType = file.storyboard; name = Base; path = Base.lproj/LaunchScreen.storyboard; sourceTree = "<group>"; };
		244C998024684996009E5355 /* Info.plist */ = {isa = PBXFileReference; lastKnownFileType = text.plist.xml; path = Info.plist; sourceTree = "<group>"; };
		244C998524684996009E5355 /* POV-CameraAppTests.xctest */ = {isa = PBXFileReference; explicitFileType = wrapper.cfbundle; includeInIndex = 0; path = "POV-CameraAppTests.xctest"; sourceTree = BUILT_PRODUCTS_DIR; };
		244C998924684996009E5355 /* POV_CameraAppTests.swift */ = {isa = PBXFileReference; lastKnownFileType = sourcecode.swift; path = POV_CameraAppTests.swift; sourceTree = "<group>"; };
		244C998B24684996009E5355 /* Info.plist */ = {isa = PBXFileReference; lastKnownFileType = text.plist.xml; path = Info.plist; sourceTree = "<group>"; };
		244C999024684996009E5355 /* POV-CameraAppUITests.xctest */ = {isa = PBXFileReference; explicitFileType = wrapper.cfbundle; includeInIndex = 0; path = "POV-CameraAppUITests.xctest"; sourceTree = BUILT_PRODUCTS_DIR; };
		244C999424684996009E5355 /* POV_CameraAppUITests.swift */ = {isa = PBXFileReference; lastKnownFileType = sourcecode.swift; path = POV_CameraAppUITests.swift; sourceTree = "<group>"; };
		244C999624684996009E5355 /* Info.plist */ = {isa = PBXFileReference; lastKnownFileType = text.plist.xml; path = Info.plist; sourceTree = "<group>"; };
		246E39EA247F588400A85109 /* ThePhiGridVC.swift */ = {isa = PBXFileReference; lastKnownFileType = sourcecode.swift; path = ThePhiGridVC.swift; sourceTree = "<group>"; };
		246E39EF247F73B400A85109 /* DiagonalRuleVC.swift */ = {isa = PBXFileReference; lastKnownFileType = sourcecode.swift; path = DiagonalRuleVC.swift; sourceTree = "<group>"; };
		246E39F2247F74B500A85109 /* RuleOfSymmetry.storyboard */ = {isa = PBXFileReference; lastKnownFileType = file.storyboard; path = RuleOfSymmetry.storyboard; sourceTree = "<group>"; };
		248857E1247E1C4600295B9C /* FibonacciSpiralVC.swift */ = {isa = PBXFileReference; lastKnownFileType = sourcecode.swift; path = FibonacciSpiralVC.swift; sourceTree = "<group>"; };
		248857E3247E1FF500295B9C /* FSDefinitionVC.swift */ = {isa = PBXFileReference; lastKnownFileType = sourcecode.swift; path = FSDefinitionVC.swift; sourceTree = "<group>"; };
		248857E5247E200800295B9C /* FSHowVC.swift */ = {isa = PBXFileReference; lastKnownFileType = sourcecode.swift; path = FSHowVC.swift; sourceTree = "<group>"; };
		248857E7247E201700295B9C /* FSExampleVC.swift */ = {isa = PBXFileReference; lastKnownFileType = sourcecode.swift; path = FSExampleVC.swift; sourceTree = "<group>"; };
		248857EC247E28B500295B9C /* RuleOfThirdVC.swift */ = {isa = PBXFileReference; lastKnownFileType = sourcecode.swift; path = RuleOfThirdVC.swift; sourceTree = "<group>"; };
		F286598124852D17006F1522 /* GridUI.swift */ = {isa = PBXFileReference; lastKnownFileType = sourcecode.swift; path = GridUI.swift; sourceTree = "<group>"; };
		F2F91CFA24853E9A000BAEA4 /* Base */ = {isa = PBXFileReference; lastKnownFileType = file.storyboard; name = Base; path = "POV-CameraApp/Base.lproj/DiagonalRule.storyboard"; sourceTree = "<group>"; };
		F2F91CFC24854036000BAEA4 /* ThePhiGrid.storyboard */ = {isa = PBXFileReference; fileEncoding = 4; lastKnownFileType = file.storyboard; path = ThePhiGrid.storyboard; sourceTree = "<group>"; };
		F2F91CFF248542B5000BAEA4 /* Base */ = {isa = PBXFileReference; lastKnownFileType = file.storyboard; name = Base; path = "POV-CameraApp/Base.lproj/RuleOfThird.storyboard"; sourceTree = "<group>"; };
		F2F91D012485437F000BAEA4 /* Fibonacci Spiral.storyboard */ = {isa = PBXFileReference; fileEncoding = 4; lastKnownFileType = file.storyboard; path = "Fibonacci Spiral.storyboard"; sourceTree = "<group>"; };
		F2F91D0E248546DA000BAEA4 /* Base */ = {isa = PBXFileReference; lastKnownFileType = file.storyboard; name = Base; path = "POV-CameraApp/Base.lproj/GoldenTriangle.storyboard"; sourceTree = "<group>"; };
/* End PBXFileReference section */

/* Begin PBXFrameworksBuildPhase section */
		244C996C24684995009E5355 /* Frameworks */ = {
			isa = PBXFrameworksBuildPhase;
			buildActionMask = 2147483647;
			files = (
			);
			runOnlyForDeploymentPostprocessing = 0;
		};
		244C998224684996009E5355 /* Frameworks */ = {
			isa = PBXFrameworksBuildPhase;
			buildActionMask = 2147483647;
			files = (
			);
			runOnlyForDeploymentPostprocessing = 0;
		};
		244C998D24684996009E5355 /* Frameworks */ = {
			isa = PBXFrameworksBuildPhase;
			buildActionMask = 2147483647;
			files = (
			);
			runOnlyForDeploymentPostprocessing = 0;
		};
/* End PBXFrameworksBuildPhase section */

/* Begin PBXGroup section */
		244C996624684995009E5355 = {
			isa = PBXGroup;
			children = (
				244C997124684995009E5355 /* POV-CameraApp */,
				244C998824684996009E5355 /* POV-CameraAppTests */,
				244C999324684996009E5355 /* POV-CameraAppUITests */,
				244C997024684995009E5355 /* Products */,
			);
			sourceTree = "<group>";
		};
		244C997024684995009E5355 /* Products */ = {
			isa = PBXGroup;
			children = (
				244C996F24684995009E5355 /* POV-CameraApp.app */,
				244C998524684996009E5355 /* POV-CameraAppTests.xctest */,
				244C999024684996009E5355 /* POV-CameraAppUITests.xctest */,
			);
			name = Products;
			sourceTree = "<group>";
		};
		244C997124684995009E5355 /* POV-CameraApp */ = {
			isa = PBXGroup;
			children = (
				246E39F1247F749C00A85109 /* RuleOfSymmetry */,
				246E39EC247F6EE400A85109 /* DiagonalRule */,
				246E39E7247F583500A85109 /* ThePhiGrid */,
				248857E9247E25B700295B9C /* RuleOfThird */,
				248857DE247E1A8F00295B9C /* FibonacciSpiral */,
				24B232A02475096000B0B175 /* GoldenTriangle */,
				244C997224684995009E5355 /* AppDelegate.swift */,
				244C997424684995009E5355 /* SceneDelegate.swift */,
				244C997624684995009E5355 /* ViewController.swift */,
				F286598124852D17006F1522 /* GridUI.swift */,
				244C997824684995009E5355 /* Main.storyboard */,
				244C997B24684996009E5355 /* Assets.xcassets */,
				244C997D24684996009E5355 /* LaunchScreen.storyboard */,
				244C998024684996009E5355 /* Info.plist */,
			);
			path = "POV-CameraApp";
			sourceTree = "<group>";
		};
		244C998824684996009E5355 /* POV-CameraAppTests */ = {
			isa = PBXGroup;
			children = (
				244C998924684996009E5355 /* POV_CameraAppTests.swift */,
				244C998B24684996009E5355 /* Info.plist */,
			);
			path = "POV-CameraAppTests";
			sourceTree = "<group>";
		};
		244C999324684996009E5355 /* POV-CameraAppUITests */ = {
			isa = PBXGroup;
			children = (
				244C999424684996009E5355 /* POV_CameraAppUITests.swift */,
				244C999624684996009E5355 /* Info.plist */,
			);
			path = "POV-CameraAppUITests";
			sourceTree = "<group>";
		};
		246E39E7247F583500A85109 /* ThePhiGrid */ = {
			isa = PBXGroup;
			children = (
				F2F91CFC24854036000BAEA4 /* ThePhiGrid.storyboard */,
				246E39EA247F588400A85109 /* ThePhiGridVC.swift */,
			);
			path = ThePhiGrid;
			sourceTree = "<group>";
		};
		246E39EC247F6EE400A85109 /* DiagonalRule */ = {
			isa = PBXGroup;
			children = (
				F2F91CF924853E9A000BAEA4 /* DiagonalRule.storyboard */,
				246E39EF247F73B400A85109 /* DiagonalRuleVC.swift */,
			);
			path = DiagonalRule;
			sourceTree = "<group>";
		};
		246E39F1247F749C00A85109 /* RuleOfSymmetry */ = {
			isa = PBXGroup;
			children = (
				246E39F2247F74B500A85109 /* RuleOfSymmetry.storyboard */,
				240EC59C247F76A90079F0E4 /* RuleOfSymmetryVC.swift */,
			);
			path = RuleOfSymmetry;
			sourceTree = "<group>";
		};
		248857DE247E1A8F00295B9C /* FibonacciSpiral */ = {
			isa = PBXGroup;
			children = (
				F2F91D012485437F000BAEA4 /* Fibonacci Spiral.storyboard */,
				248857E1247E1C4600295B9C /* FibonacciSpiralVC.swift */,
				248857E3247E1FF500295B9C /* FSDefinitionVC.swift */,
				248857E5247E200800295B9C /* FSHowVC.swift */,
				248857E7247E201700295B9C /* FSExampleVC.swift */,
			);
			path = FibonacciSpiral;
			sourceTree = "<group>";
		};
		248857E9247E25B700295B9C /* RuleOfThird */ = {
			isa = PBXGroup;
			children = (
				F2F91CFE248542B5000BAEA4 /* RuleOfThird.storyboard */,
				248857EC247E28B500295B9C /* RuleOfThirdVC.swift */,
			);
			path = RuleOfThird;
			sourceTree = "<group>";
		};
		24B232A02475096000B0B175 /* GoldenTriangle */ = {
			isa = PBXGroup;
			children = (
				F2F91D0D248546DA000BAEA4 /* GoldenTriangle.storyboard */,
				241B7E4D246E3B1C00267E6B /* GoldenTriangleVC.swift */,
				243D7DB0247CBD510035CF57 /* GTDefinitionVC.swift */,
				243D7DB2247CBD650035CF57 /* GTHowVC.swift */,
				243D7DB4247CBD710035CF57 /* GTExampleVC.swift */,
			);
			path = GoldenTriangle;
			sourceTree = "<group>";
		};
/* End PBXGroup section */

/* Begin PBXNativeTarget section */
		244C996E24684995009E5355 /* POV-CameraApp */ = {
			isa = PBXNativeTarget;
			buildConfigurationList = 244C999924684996009E5355 /* Build configuration list for PBXNativeTarget "POV-CameraApp" */;
			buildPhases = (
				244C996B24684995009E5355 /* Sources */,
				244C996C24684995009E5355 /* Frameworks */,
				244C996D24684995009E5355 /* Resources */,
			);
			buildRules = (
			);
			dependencies = (
			);
			name = "POV-CameraApp";
			productName = "POV-CameraApp";
			productReference = 244C996F24684995009E5355 /* POV-CameraApp.app */;
			productType = "com.apple.product-type.application";
		};
		244C998424684996009E5355 /* POV-CameraAppTests */ = {
			isa = PBXNativeTarget;
			buildConfigurationList = 244C999C24684996009E5355 /* Build configuration list for PBXNativeTarget "POV-CameraAppTests" */;
			buildPhases = (
				244C998124684996009E5355 /* Sources */,
				244C998224684996009E5355 /* Frameworks */,
				244C998324684996009E5355 /* Resources */,
			);
			buildRules = (
			);
			dependencies = (
				244C998724684996009E5355 /* PBXTargetDependency */,
			);
			name = "POV-CameraAppTests";
			productName = "POV-CameraAppTests";
			productReference = 244C998524684996009E5355 /* POV-CameraAppTests.xctest */;
			productType = "com.apple.product-type.bundle.unit-test";
		};
		244C998F24684996009E5355 /* POV-CameraAppUITests */ = {
			isa = PBXNativeTarget;
			buildConfigurationList = 244C999F24684996009E5355 /* Build configuration list for PBXNativeTarget "POV-CameraAppUITests" */;
			buildPhases = (
				244C998C24684996009E5355 /* Sources */,
				244C998D24684996009E5355 /* Frameworks */,
				244C998E24684996009E5355 /* Resources */,
			);
			buildRules = (
			);
			dependencies = (
				244C999224684996009E5355 /* PBXTargetDependency */,
			);
			name = "POV-CameraAppUITests";
			productName = "POV-CameraAppUITests";
			productReference = 244C999024684996009E5355 /* POV-CameraAppUITests.xctest */;
			productType = "com.apple.product-type.bundle.ui-testing";
		};
/* End PBXNativeTarget section */

/* Begin PBXProject section */
		244C996724684995009E5355 /* Project object */ = {
			isa = PBXProject;
			attributes = {
				LastSwiftUpdateCheck = 1140;
				LastUpgradeCheck = 1140;
				ORGANIZATIONNAME = "Denny Alfath";
				TargetAttributes = {
					244C996E24684995009E5355 = {
						CreatedOnToolsVersion = 11.4;
					};
					244C998424684996009E5355 = {
						CreatedOnToolsVersion = 11.4;
						TestTargetID = 244C996E24684995009E5355;
					};
					244C998F24684996009E5355 = {
						CreatedOnToolsVersion = 11.4;
						TestTargetID = 244C996E24684995009E5355;
					};
				};
			};
			buildConfigurationList = 244C996A24684995009E5355 /* Build configuration list for PBXProject "POV-CameraApp" */;
			compatibilityVersion = "Xcode 9.3";
			developmentRegion = en;
			hasScannedForEncodings = 0;
			knownRegions = (
				en,
				Base,
			);
			mainGroup = 244C996624684995009E5355;
			productRefGroup = 244C997024684995009E5355 /* Products */;
			projectDirPath = "";
			projectRoot = "";
			targets = (
				244C996E24684995009E5355 /* POV-CameraApp */,
				244C998424684996009E5355 /* POV-CameraAppTests */,
				244C998F24684996009E5355 /* POV-CameraAppUITests */,
			);
		};
/* End PBXProject section */

/* Begin PBXResourcesBuildPhase section */
		244C996D24684995009E5355 /* Resources */ = {
			isa = PBXResourcesBuildPhase;
			buildActionMask = 2147483647;
			files = (
				F2F91CFD24854036000BAEA4 /* ThePhiGrid.storyboard in Resources */,
				F2F91D00248542B5000BAEA4 /* RuleOfThird.storyboard in Resources */,
				244C997F24684996009E5355 /* LaunchScreen.storyboard in Resources */,
				F2F91D022485437F000BAEA4 /* Fibonacci Spiral.storyboard in Resources */,
				244C997C24684996009E5355 /* Assets.xcassets in Resources */,
				244C997A24684995009E5355 /* Main.storyboard in Resources */,
				F2F91D0F248546DA000BAEA4 /* GoldenTriangle.storyboard in Resources */,
				246E39F3247F74B500A85109 /* RuleOfSymmetry.storyboard in Resources */,
				F2F91CFB24853E9A000BAEA4 /* DiagonalRule.storyboard in Resources */,
			);
			runOnlyForDeploymentPostprocessing = 0;
		};
		244C998324684996009E5355 /* Resources */ = {
			isa = PBXResourcesBuildPhase;
			buildActionMask = 2147483647;
			files = (
			);
			runOnlyForDeploymentPostprocessing = 0;
		};
		244C998E24684996009E5355 /* Resources */ = {
			isa = PBXResourcesBuildPhase;
			buildActionMask = 2147483647;
			files = (
			);
			runOnlyForDeploymentPostprocessing = 0;
		};
/* End PBXResourcesBuildPhase section */

/* Begin PBXSourcesBuildPhase section */
		244C996B24684995009E5355 /* Sources */ = {
			isa = PBXSourcesBuildPhase;
			buildActionMask = 2147483647;
			files = (
				246E39EB247F588400A85109 /* ThePhiGridVC.swift in Sources */,
				240EC59D247F76A90079F0E4 /* RuleOfSymmetryVC.swift in Sources */,
				243D7DB1247CBD510035CF57 /* GTDefinitionVC.swift in Sources */,
				248857E8247E201700295B9C /* FSExampleVC.swift in Sources */,
				244C997724684995009E5355 /* ViewController.swift in Sources */,
				F286598224852D17006F1522 /* GridUI.swift in Sources */,
				243D7DB3247CBD650035CF57 /* GTHowVC.swift in Sources */,
				243D7DB5247CBD710035CF57 /* GTExampleVC.swift in Sources */,
				248857E6247E200800295B9C /* FSHowVC.swift in Sources */,
				248857E2247E1C4600295B9C /* FibonacciSpiralVC.swift in Sources */,
				248857ED247E28B500295B9C /* RuleOfThirdVC.swift in Sources */,
				241B7E4E246E3B1C00267E6B /* GoldenTriangleVC.swift in Sources */,
				248857E4247E1FF500295B9C /* FSDefinitionVC.swift in Sources */,
				246E39F0247F73B400A85109 /* DiagonalRuleVC.swift in Sources */,
				244C997324684995009E5355 /* AppDelegate.swift in Sources */,
				244C997524684995009E5355 /* SceneDelegate.swift in Sources */,
			);
			runOnlyForDeploymentPostprocessing = 0;
		};
		244C998124684996009E5355 /* Sources */ = {
			isa = PBXSourcesBuildPhase;
			buildActionMask = 2147483647;
			files = (
				244C998A24684996009E5355 /* POV_CameraAppTests.swift in Sources */,
			);
			runOnlyForDeploymentPostprocessing = 0;
		};
		244C998C24684996009E5355 /* Sources */ = {
			isa = PBXSourcesBuildPhase;
			buildActionMask = 2147483647;
			files = (
				244C999524684996009E5355 /* POV_CameraAppUITests.swift in Sources */,
			);
			runOnlyForDeploymentPostprocessing = 0;
		};
/* End PBXSourcesBuildPhase section */

/* Begin PBXTargetDependency section */
		244C998724684996009E5355 /* PBXTargetDependency */ = {
			isa = PBXTargetDependency;
			target = 244C996E24684995009E5355 /* POV-CameraApp */;
			targetProxy = 244C998624684996009E5355 /* PBXContainerItemProxy */;
		};
		244C999224684996009E5355 /* PBXTargetDependency */ = {
			isa = PBXTargetDependency;
			target = 244C996E24684995009E5355 /* POV-CameraApp */;
			targetProxy = 244C999124684996009E5355 /* PBXContainerItemProxy */;
		};
/* End PBXTargetDependency section */

/* Begin PBXVariantGroup section */
		244C997824684995009E5355 /* Main.storyboard */ = {
			isa = PBXVariantGroup;
			children = (
				244C997924684995009E5355 /* Base */,
			);
			name = Main.storyboard;
			sourceTree = "<group>";
		};
		244C997D24684996009E5355 /* LaunchScreen.storyboard */ = {
			isa = PBXVariantGroup;
			children = (
				244C997E24684996009E5355 /* Base */,
			);
			name = LaunchScreen.storyboard;
			sourceTree = "<group>";
		};
		F2F91CF924853E9A000BAEA4 /* DiagonalRule.storyboard */ = {
			isa = PBXVariantGroup;
			children = (
				F2F91CFA24853E9A000BAEA4 /* Base */,
			);
			name = DiagonalRule.storyboard;
			sourceTree = "<group>";
		};
		F2F91CFE248542B5000BAEA4 /* RuleOfThird.storyboard */ = {
			isa = PBXVariantGroup;
			children = (
				F2F91CFF248542B5000BAEA4 /* Base */,
			);
			name = RuleOfThird.storyboard;
			sourceTree = "<group>";
		};
		F2F91D0D248546DA000BAEA4 /* GoldenTriangle.storyboard */ = {
			isa = PBXVariantGroup;
			children = (
				F2F91D0E248546DA000BAEA4 /* Base */,
			);
			name = GoldenTriangle.storyboard;
			sourceTree = "<group>";
		};
/* End PBXVariantGroup section */

/* Begin XCBuildConfiguration section */
		244C999724684996009E5355 /* Debug */ = {
			isa = XCBuildConfiguration;
			buildSettings = {
				ALWAYS_SEARCH_USER_PATHS = NO;
				CLANG_ANALYZER_NONNULL = YES;
				CLANG_ANALYZER_NUMBER_OBJECT_CONVERSION = YES_AGGRESSIVE;
				CLANG_CXX_LANGUAGE_STANDARD = "gnu++14";
				CLANG_CXX_LIBRARY = "libc++";
				CLANG_ENABLE_MODULES = YES;
				CLANG_ENABLE_OBJC_ARC = YES;
				CLANG_ENABLE_OBJC_WEAK = YES;
				CLANG_WARN_BLOCK_CAPTURE_AUTORELEASING = YES;
				CLANG_WARN_BOOL_CONVERSION = YES;
				CLANG_WARN_COMMA = YES;
				CLANG_WARN_CONSTANT_CONVERSION = YES;
				CLANG_WARN_DEPRECATED_OBJC_IMPLEMENTATIONS = YES;
				CLANG_WARN_DIRECT_OBJC_ISA_USAGE = YES_ERROR;
				CLANG_WARN_DOCUMENTATION_COMMENTS = YES;
				CLANG_WARN_EMPTY_BODY = YES;
				CLANG_WARN_ENUM_CONVERSION = YES;
				CLANG_WARN_INFINITE_RECURSION = YES;
				CLANG_WARN_INT_CONVERSION = YES;
				CLANG_WARN_NON_LITERAL_NULL_CONVERSION = YES;
				CLANG_WARN_OBJC_IMPLICIT_RETAIN_SELF = YES;
				CLANG_WARN_OBJC_LITERAL_CONVERSION = YES;
				CLANG_WARN_OBJC_ROOT_CLASS = YES_ERROR;
				CLANG_WARN_RANGE_LOOP_ANALYSIS = YES;
				CLANG_WARN_STRICT_PROTOTYPES = YES;
				CLANG_WARN_SUSPICIOUS_MOVE = YES;
				CLANG_WARN_UNGUARDED_AVAILABILITY = YES_AGGRESSIVE;
				CLANG_WARN_UNREACHABLE_CODE = YES;
				CLANG_WARN__DUPLICATE_METHOD_MATCH = YES;
				COPY_PHASE_STRIP = NO;
				DEBUG_INFORMATION_FORMAT = dwarf;
				ENABLE_STRICT_OBJC_MSGSEND = YES;
				ENABLE_TESTABILITY = YES;
				GCC_C_LANGUAGE_STANDARD = gnu11;
				GCC_DYNAMIC_NO_PIC = NO;
				GCC_NO_COMMON_BLOCKS = YES;
				GCC_OPTIMIZATION_LEVEL = 0;
				GCC_PREPROCESSOR_DEFINITIONS = (
					"DEBUG=1",
					"$(inherited)",
				);
				GCC_WARN_64_TO_32_BIT_CONVERSION = YES;
				GCC_WARN_ABOUT_RETURN_TYPE = YES_ERROR;
				GCC_WARN_UNDECLARED_SELECTOR = YES;
				GCC_WARN_UNINITIALIZED_AUTOS = YES_AGGRESSIVE;
				GCC_WARN_UNUSED_FUNCTION = YES;
				GCC_WARN_UNUSED_VARIABLE = YES;
				IPHONEOS_DEPLOYMENT_TARGET = 13.4;
				MTL_ENABLE_DEBUG_INFO = INCLUDE_SOURCE;
				MTL_FAST_MATH = YES;
				ONLY_ACTIVE_ARCH = YES;
				SDKROOT = iphoneos;
				SWIFT_ACTIVE_COMPILATION_CONDITIONS = DEBUG;
				SWIFT_OPTIMIZATION_LEVEL = "-Onone";
			};
			name = Debug;
		};
		244C999824684996009E5355 /* Release */ = {
			isa = XCBuildConfiguration;
			buildSettings = {
				ALWAYS_SEARCH_USER_PATHS = NO;
				CLANG_ANALYZER_NONNULL = YES;
				CLANG_ANALYZER_NUMBER_OBJECT_CONVERSION = YES_AGGRESSIVE;
				CLANG_CXX_LANGUAGE_STANDARD = "gnu++14";
				CLANG_CXX_LIBRARY = "libc++";
				CLANG_ENABLE_MODULES = YES;
				CLANG_ENABLE_OBJC_ARC = YES;
				CLANG_ENABLE_OBJC_WEAK = YES;
				CLANG_WARN_BLOCK_CAPTURE_AUTORELEASING = YES;
				CLANG_WARN_BOOL_CONVERSION = YES;
				CLANG_WARN_COMMA = YES;
				CLANG_WARN_CONSTANT_CONVERSION = YES;
				CLANG_WARN_DEPRECATED_OBJC_IMPLEMENTATIONS = YES;
				CLANG_WARN_DIRECT_OBJC_ISA_USAGE = YES_ERROR;
				CLANG_WARN_DOCUMENTATION_COMMENTS = YES;
				CLANG_WARN_EMPTY_BODY = YES;
				CLANG_WARN_ENUM_CONVERSION = YES;
				CLANG_WARN_INFINITE_RECURSION = YES;
				CLANG_WARN_INT_CONVERSION = YES;
				CLANG_WARN_NON_LITERAL_NULL_CONVERSION = YES;
				CLANG_WARN_OBJC_IMPLICIT_RETAIN_SELF = YES;
				CLANG_WARN_OBJC_LITERAL_CONVERSION = YES;
				CLANG_WARN_OBJC_ROOT_CLASS = YES_ERROR;
				CLANG_WARN_RANGE_LOOP_ANALYSIS = YES;
				CLANG_WARN_STRICT_PROTOTYPES = YES;
				CLANG_WARN_SUSPICIOUS_MOVE = YES;
				CLANG_WARN_UNGUARDED_AVAILABILITY = YES_AGGRESSIVE;
				CLANG_WARN_UNREACHABLE_CODE = YES;
				CLANG_WARN__DUPLICATE_METHOD_MATCH = YES;
				COPY_PHASE_STRIP = NO;
				DEBUG_INFORMATION_FORMAT = "dwarf-with-dsym";
				ENABLE_NS_ASSERTIONS = NO;
				ENABLE_STRICT_OBJC_MSGSEND = YES;
				GCC_C_LANGUAGE_STANDARD = gnu11;
				GCC_NO_COMMON_BLOCKS = YES;
				GCC_WARN_64_TO_32_BIT_CONVERSION = YES;
				GCC_WARN_ABOUT_RETURN_TYPE = YES_ERROR;
				GCC_WARN_UNDECLARED_SELECTOR = YES;
				GCC_WARN_UNINITIALIZED_AUTOS = YES_AGGRESSIVE;
				GCC_WARN_UNUSED_FUNCTION = YES;
				GCC_WARN_UNUSED_VARIABLE = YES;
				IPHONEOS_DEPLOYMENT_TARGET = 13.4;
				MTL_ENABLE_DEBUG_INFO = NO;
				MTL_FAST_MATH = YES;
				SDKROOT = iphoneos;
				SWIFT_COMPILATION_MODE = wholemodule;
				SWIFT_OPTIMIZATION_LEVEL = "-O";
				VALIDATE_PRODUCT = YES;
			};
			name = Release;
		};
		244C999A24684996009E5355 /* Debug */ = {
			isa = XCBuildConfiguration;
			buildSettings = {
				ASSETCATALOG_COMPILER_APPICON_NAME = AppIcon;
				CODE_SIGN_STYLE = Automatic;
				DEVELOPMENT_TEAM = 88F3B7HV75;
				INFOPLIST_FILE = "POV-CameraApp/Info.plist";
				LD_RUNPATH_SEARCH_PATHS = (
					"$(inherited)",
					"@executable_path/Frameworks",
				);
				PRODUCT_BUNDLE_IDENTIFIER = "www.infinitelearning.id.POV-CameraApp";
				PRODUCT_NAME = "$(TARGET_NAME)";
				SWIFT_VERSION = 5.0;
				TARGETED_DEVICE_FAMILY = "1,2";
			};
			name = Debug;
		};
		244C999B24684996009E5355 /* Release */ = {
			isa = XCBuildConfiguration;
			buildSettings = {
				ASSETCATALOG_COMPILER_APPICON_NAME = AppIcon;
				CODE_SIGN_STYLE = Automatic;
				DEVELOPMENT_TEAM = 88F3B7HV75;
				INFOPLIST_FILE = "POV-CameraApp/Info.plist";
				LD_RUNPATH_SEARCH_PATHS = (
					"$(inherited)",
					"@executable_path/Frameworks",
				);
				PRODUCT_BUNDLE_IDENTIFIER = "www.infinitelearning.id.POV-CameraApp";
				PRODUCT_NAME = "$(TARGET_NAME)";
				SWIFT_VERSION = 5.0;
				TARGETED_DEVICE_FAMILY = "1,2";
			};
			name = Release;
		};
		244C999D24684996009E5355 /* Debug */ = {
			isa = XCBuildConfiguration;
			buildSettings = {
				ALWAYS_EMBED_SWIFT_STANDARD_LIBRARIES = YES;
				BUNDLE_LOADER = "$(TEST_HOST)";
				CODE_SIGN_STYLE = Automatic;
				INFOPLIST_FILE = "POV-CameraAppTests/Info.plist";
				IPHONEOS_DEPLOYMENT_TARGET = 13.4;
				LD_RUNPATH_SEARCH_PATHS = (
					"$(inherited)",
					"@executable_path/Frameworks",
					"@loader_path/Frameworks",
				);
				PRODUCT_BUNDLE_IDENTIFIER = "www.infinitelearning.id.POV-CameraAppTests";
				PRODUCT_NAME = "$(TARGET_NAME)";
				SWIFT_VERSION = 5.0;
				TARGETED_DEVICE_FAMILY = "1,2";
				TEST_HOST = "$(BUILT_PRODUCTS_DIR)/POV-CameraApp.app/POV-CameraApp";
			};
			name = Debug;
		};
		244C999E24684996009E5355 /* Release */ = {
			isa = XCBuildConfiguration;
			buildSettings = {
				ALWAYS_EMBED_SWIFT_STANDARD_LIBRARIES = YES;
				BUNDLE_LOADER = "$(TEST_HOST)";
				CODE_SIGN_STYLE = Automatic;
				INFOPLIST_FILE = "POV-CameraAppTests/Info.plist";
				IPHONEOS_DEPLOYMENT_TARGET = 13.4;
				LD_RUNPATH_SEARCH_PATHS = (
					"$(inherited)",
					"@executable_path/Frameworks",
					"@loader_path/Frameworks",
				);
				PRODUCT_BUNDLE_IDENTIFIER = "www.infinitelearning.id.POV-CameraAppTests";
				PRODUCT_NAME = "$(TARGET_NAME)";
				SWIFT_VERSION = 5.0;
				TARGETED_DEVICE_FAMILY = "1,2";
				TEST_HOST = "$(BUILT_PRODUCTS_DIR)/POV-CameraApp.app/POV-CameraApp";
			};
			name = Release;
		};
		244C99A024684996009E5355 /* Debug */ = {
			isa = XCBuildConfiguration;
			buildSettings = {
				ALWAYS_EMBED_SWIFT_STANDARD_LIBRARIES = YES;
				CODE_SIGN_STYLE = Automatic;
				INFOPLIST_FILE = "POV-CameraAppUITests/Info.plist";
				LD_RUNPATH_SEARCH_PATHS = (
					"$(inherited)",
					"@executable_path/Frameworks",
					"@loader_path/Frameworks",
				);
				PRODUCT_BUNDLE_IDENTIFIER = "www.infinitelearning.id.POV-CameraAppUITests";
				PRODUCT_NAME = "$(TARGET_NAME)";
				SWIFT_VERSION = 5.0;
				TARGETED_DEVICE_FAMILY = "1,2";
				TEST_TARGET_NAME = "POV-CameraApp";
			};
			name = Debug;
		};
		244C99A124684996009E5355 /* Release */ = {
			isa = XCBuildConfiguration;
			buildSettings = {
				ALWAYS_EMBED_SWIFT_STANDARD_LIBRARIES = YES;
				CODE_SIGN_STYLE = Automatic;
				INFOPLIST_FILE = "POV-CameraAppUITests/Info.plist";
				LD_RUNPATH_SEARCH_PATHS = (
					"$(inherited)",
					"@executable_path/Frameworks",
					"@loader_path/Frameworks",
				);
				PRODUCT_BUNDLE_IDENTIFIER = "www.infinitelearning.id.POV-CameraAppUITests";
				PRODUCT_NAME = "$(TARGET_NAME)";
				SWIFT_VERSION = 5.0;
				TARGETED_DEVICE_FAMILY = "1,2";
				TEST_TARGET_NAME = "POV-CameraApp";
			};
			name = Release;
		};
/* End XCBuildConfiguration section */

/* Begin XCConfigurationList section */
		244C996A24684995009E5355 /* Build configuration list for PBXProject "POV-CameraApp" */ = {
			isa = XCConfigurationList;
			buildConfigurations = (
				244C999724684996009E5355 /* Debug */,
				244C999824684996009E5355 /* Release */,
			);
			defaultConfigurationIsVisible = 0;
			defaultConfigurationName = Release;
		};
		244C999924684996009E5355 /* Build configuration list for PBXNativeTarget "POV-CameraApp" */ = {
			isa = XCConfigurationList;
			buildConfigurations = (
				244C999A24684996009E5355 /* Debug */,
				244C999B24684996009E5355 /* Release */,
			);
			defaultConfigurationIsVisible = 0;
			defaultConfigurationName = Release;
		};
		244C999C24684996009E5355 /* Build configuration list for PBXNativeTarget "POV-CameraAppTests" */ = {
			isa = XCConfigurationList;
			buildConfigurations = (
				244C999D24684996009E5355 /* Debug */,
				244C999E24684996009E5355 /* Release */,
			);
			defaultConfigurationIsVisible = 0;
			defaultConfigurationName = Release;
		};
		244C999F24684996009E5355 /* Build configuration list for PBXNativeTarget "POV-CameraAppUITests" */ = {
			isa = XCConfigurationList;
			buildConfigurations = (
				244C99A024684996009E5355 /* Debug */,
				244C99A124684996009E5355 /* Release */,
			);
			defaultConfigurationIsVisible = 0;
			defaultConfigurationName = Release;
		};
/* End XCConfigurationList section */
	};
	rootObject = 244C996724684995009E5355 /* Project object */;
}
